
Microsoft Visual Studio Solution File, Format Version 11.00
# Visual Studio 2010
Project("{8BC9CEB8-8B4A-11D0-8D11-00A0C91BC942}") = "Core", "core\Core.vcxproj", "{3FFE549E-937E-46CE-B32A-DF6B98724E82}"
	ProjectSection(ProjectDependencies) = postProject
		{1B0A4D6E-46CA-499D-9F77-4EF460F6E7E4} = {1B0A4D6E-46CA-499D-9F77-4EF460F6E7E4}
	EndProjectSection
EndProject
Project("{8BC9CEB8-8B4A-11D0-8D11-00A0C91BC942}") = "Utils", "utils\Utils.vcxproj", "{1B0A4D6E-46CA-499D-9F77-4EF460F6E7E4}"
EndProject
Project("{8BC9CEB8-8B4A-11D0-8D11-00A0C91BC942}") = "SecureRecommendations", "secure_recommendations\SecureRecommendations.vcxproj", "{1272A0B3-82B9-4B5F-A768-49A8CEED9C67}"
	ProjectSection(ProjectDependencies) = postProject
		{1B0A4D6E-46CA-499D-9F77-4EF460F6E7E4} = {1B0A4D6E-46CA-499D-9F77-4EF460F6E7E4}
		{3FFE549E-937E-46CE-B32A-DF6B98724E82} = {3FFE549E-937E-46CE-B32A-DF6B98724E82}
	EndProjectSection
EndProject
Project("{8BC9CEB8-8B4A-11D0-8D11-00A0C91BC942}") = "SecureFaceRecognition", "secure_face_recognition\SecureFaceRecognition.vcxproj", "{1272A0B3-82B9-4B5F-A768-49A8CEED9C69}"
	ProjectSection(ProjectDependencies) = postProject
		{1B0A4D6E-46CA-499D-9F77-4EF460F6E7E4} = {1B0A4D6E-46CA-499D-9F77-4EF460F6E7E4}
		{990EB17D-F3CA-4C05-872F-169D31907F20} = {990EB17D-F3CA-4C05-872F-169D31907F20}
		{3FFE549E-937E-46CE-B32A-DF6B98724E82} = {3FFE549E-937E-46CE-B32A-DF6B98724E82}
	EndProjectSection
EndProject
Project("{8BC9CEB8-8B4A-11D0-8D11-00A0C91BC942}") = "PrivateRecommendations", "private_recommendations\PrivateRecommendations.vcxproj", "{1272A0B3-82B9-4B5F-A768-49A8CEED9C63}"
	ProjectSection(ProjectDependencies) = postProject
		{FF8FE213-C24F-422F-AE44-1FB92F73527A} = {FF8FE213-C24F-422F-AE44-1FB92F73527A}
		{1B0A4D6E-46CA-499D-9F77-4EF460F6E7E4} = {1B0A4D6E-46CA-499D-9F77-4EF460F6E7E4}
		{3FFE549E-937E-46CE-B32A-DF6B98724E82} = {3FFE549E-937E-46CE-B32A-DF6B98724E82}
	EndProjectSection
EndProject
Project("{8BC9CEB8-8B4A-11D0-8D11-00A0C91BC942}") = "PrivateRecommendationsDataPacking", "private_recommendations_data_packing\PrivateRecommendationsDataPacking.vcxproj", "{4B5ECD50-5B05-477E-9609-E4C7DFFD85C2}"
	ProjectSection(ProjectDependencies) = postProject
		{FF8FE213-C24F-422F-AE44-1FB92F73527A} = {FF8FE213-C24F-422F-AE44-1FB92F73527A}
		{1B0A4D6E-46CA-499D-9F77-4EF460F6E7E4} = {1B0A4D6E-46CA-499D-9F77-4EF460F6E7E4}
		{3FFE549E-937E-46CE-B32A-DF6B98724E82} = {3FFE549E-937E-46CE-B32A-DF6B98724E82}
	EndProjectSection
EndProject
Project("{8BC9CEB8-8B4A-11D0-8D11-00A0C91BC942}") = "PrivateRecommendationsUtils", "private_recommendations_utils\PrivateRecommendationsUtils.vcxproj", "{FF8FE213-C24F-422F-AE44-1FB92F73527A}"
	ProjectSection(ProjectDependencies) = postProject
		{1B0A4D6E-46CA-499D-9F77-4EF460F6E7E4} = {1B0A4D6E-46CA-499D-9F77-4EF460F6E7E4}
		{3FFE549E-937E-46CE-B32A-DF6B98724E82} = {3FFE549E-937E-46CE-B32A-DF6B98724E82}
	EndProjectSection
EndProject
Project("{8BC9CEB8-8B4A-11D0-8D11-00A0C91BC942}") = "Test", "test\Test.vcxproj", "{6B93735C-8A3A-4507-9503-7EB54E651EED}"
	ProjectSection(ProjectDependencies) = postProject
		{1B0A4D6E-46CA-499D-9F77-4EF460F6E7E4} = {1B0A4D6E-46CA-499D-9F77-4EF460F6E7E4}
		{3FFE549E-937E-46CE-B32A-DF6B98724E82} = {3FFE549E-937E-46CE-B32A-DF6B98724E82}
	EndProjectSection
EndProject
Project("{8BC9CEB8-8B4A-11D0-8D11-00A0C91BC942}") = "SecureExtremumSelection", "secure_extremum_selection\SecureExtremumSelection.vcxproj", "{5C030C09-665B-4BDC-A092-C395E8BB3F31}"
	ProjectSection(ProjectDependencies) = postProject
		{FF8FE213-C24F-422F-AE44-1FB92F73527A} = {FF8FE213-C24F-422F-AE44-1FB92F73527A}
		{1B0A4D6E-46CA-499D-9F77-4EF460F6E7E4} = {1B0A4D6E-46CA-499D-9F77-4EF460F6E7E4}
		{990EB17D-F3CA-4C05-872F-169D31907F20} = {990EB17D-F3CA-4C05-872F-169D31907F20}
		{3FFE549E-937E-46CE-B32A-DF6B98724E82} = {3FFE549E-937E-46CE-B32A-DF6B98724E82}
	EndProjectSection
EndProject
Project("{8BC9CEB8-8B4A-11D0-8D11-00A0C91BC942}") = "SecureFaceRecognitionUtils", "secure_face_recognition_utils\SecureFaceRecognitionUtils.vcxproj", "{990EB17D-F3CA-4C05-872F-169D31907F20}"
EndProject
Global
	GlobalSection(SolutionConfigurationPlatforms) = preSolution
		MPIRDebug|Win32 = MPIRDebug|Win32
		MPIRDebug|x64 = MPIRDebug|x64
		MPIRRelease|Win32 = MPIRRelease|Win32
		MPIRRelease|x64 = MPIRRelease|x64
	EndGlobalSection
	GlobalSection(ProjectConfigurationPlatforms) = postSolution
		{3FFE549E-937E-46CE-B32A-DF6B98724E82}.MPIRDebug|Win32.ActiveCfg = MPIRDebug|Win32
		{3FFE549E-937E-46CE-B32A-DF6B98724E82}.MPIRDebug|Win32.Build.0 = MPIRDebug|Win32
		{3FFE549E-937E-46CE-B32A-DF6B98724E82}.MPIRDebug|x64.ActiveCfg = MPIRDebug|x64
		{3FFE549E-937E-46CE-B32A-DF6B98724E82}.MPIRDebug|x64.Build.0 = MPIRDebug|x64
		{3FFE549E-937E-46CE-B32A-DF6B98724E82}.MPIRRelease|Win32.ActiveCfg = MPIRRelease|Win32
		{3FFE549E-937E-46CE-B32A-DF6B98724E82}.MPIRRelease|Win32.Build.0 = MPIRRelease|Win32
		{3FFE549E-937E-46CE-B32A-DF6B98724E82}.MPIRRelease|x64.ActiveCfg = MPIRRelease|x64
		{3FFE549E-937E-46CE-B32A-DF6B98724E82}.MPIRRelease|x64.Build.0 = MPIRRelease|x64
		{1B0A4D6E-46CA-499D-9F77-4EF460F6E7E4}.MPIRDebug|Win32.ActiveCfg = MPIRDebug|Win32
		{1B0A4D6E-46CA-499D-9F77-4EF460F6E7E4}.MPIRDebug|Win32.Build.0 = MPIRDebug|Win32
		{1B0A4D6E-46CA-499D-9F77-4EF460F6E7E4}.MPIRDebug|x64.ActiveCfg = MPIRDebug|x64
		{1B0A4D6E-46CA-499D-9F77-4EF460F6E7E4}.MPIRDebug|x64.Build.0 = MPIRDebug|x64
		{1B0A4D6E-46CA-499D-9F77-4EF460F6E7E4}.MPIRRelease|Win32.ActiveCfg = MPIRRelease|Win32
		{1B0A4D6E-46CA-499D-9F77-4EF460F6E7E4}.MPIRRelease|Win32.Build.0 = MPIRRelease|Win32
		{1B0A4D6E-46CA-499D-9F77-4EF460F6E7E4}.MPIRRelease|x64.ActiveCfg = MPIRRelease|x64
		{1B0A4D6E-46CA-499D-9F77-4EF460F6E7E4}.MPIRRelease|x64.Build.0 = MPIRRelease|x64
		{1272A0B3-82B9-4B5F-A768-49A8CEED9C67}.MPIRDebug|Win32.ActiveCfg = MPIRDebug|Win32
		{1272A0B3-82B9-4B5F-A768-49A8CEED9C67}.MPIRDebug|Win32.Build.0 = MPIRDebug|Win32
		{1272A0B3-82B9-4B5F-A768-49A8CEED9C67}.MPIRDebug|x64.ActiveCfg = MPIRDebug|x64
		{1272A0B3-82B9-4B5F-A768-49A8CEED9C67}.MPIRDebug|x64.Build.0 = MPIRDebug|x64
		{1272A0B3-82B9-4B5F-A768-49A8CEED9C67}.MPIRRelease|Win32.ActiveCfg = MPIRRelease|Win32
		{1272A0B3-82B9-4B5F-A768-49A8CEED9C67}.MPIRRelease|Win32.Build.0 = MPIRRelease|Win32
		{1272A0B3-82B9-4B5F-A768-49A8CEED9C67}.MPIRRelease|x64.ActiveCfg = MPIRRelease|x64
		{1272A0B3-82B9-4B5F-A768-49A8CEED9C67}.MPIRRelease|x64.Build.0 = MPIRRelease|x64
		{1272A0B3-82B9-4B5F-A768-49A8CEED9C69}.MPIRDebug|Win32.ActiveCfg = MPIRDebug|Win32
		{1272A0B3-82B9-4B5F-A768-49A8CEED9C69}.MPIRDebug|Win32.Build.0 = MPIRDebug|Win32
		{1272A0B3-82B9-4B5F-A768-49A8CEED9C69}.MPIRDebug|x64.ActiveCfg = MPIRDebug|x64
		{1272A0B3-82B9-4B5F-A768-49A8CEED9C69}.MPIRDebug|x64.Build.0 = MPIRDebug|x64
		{1272A0B3-82B9-4B5F-A768-49A8CEED9C69}.MPIRRelease|Win32.ActiveCfg = MPIRRelease|Win32
		{1272A0B3-82B9-4B5F-A768-49A8CEED9C69}.MPIRRelease|Win32.Build.0 = MPIRRelease|Win32
		{1272A0B3-82B9-4B5F-A768-49A8CEED9C69}.MPIRRelease|x64.ActiveCfg = MPIRRelease|x64
		{1272A0B3-82B9-4B5F-A768-49A8CEED9C69}.MPIRRelease|x64.Build.0 = MPIRRelease|x64
		{1272A0B3-82B9-4B5F-A768-49A8CEED9C63}.MPIRDebug|Win32.ActiveCfg = MPIRDebug|Win32
		{1272A0B3-82B9-4B5F-A768-49A8CEED9C63}.MPIRDebug|Win32.Build.0 = MPIRDebug|Win32
		{1272A0B3-82B9-4B5F-A768-49A8CEED9C63}.MPIRDebug|x64.ActiveCfg = MPIRDebug|x64
		{1272A0B3-82B9-4B5F-A768-49A8CEED9C63}.MPIRDebug|x64.Build.0 = MPIRDebug|x64
		{1272A0B3-82B9-4B5F-A768-49A8CEED9C63}.MPIRRelease|Win32.ActiveCfg = MPIRRelease|Win32
		{1272A0B3-82B9-4B5F-A768-49A8CEED9C63}.MPIRRelease|Win32.Build.0 = MPIRRelease|Win32
		{1272A0B3-82B9-4B5F-A768-49A8CEED9C63}.MPIRRelease|x64.ActiveCfg = MPIRRelease|x64
		{1272A0B3-82B9-4B5F-A768-49A8CEED9C63}.MPIRRelease|x64.Build.0 = MPIRRelease|x64
		{4B5ECD50-5B05-477E-9609-E4C7DFFD85C2}.MPIRDebug|Win32.ActiveCfg = MPIRDebug|Win32
		{4B5ECD50-5B05-477E-9609-E4C7DFFD85C2}.MPIRDebug|Win32.Build.0 = MPIRDebug|Win32
		{4B5ECD50-5B05-477E-9609-E4C7DFFD85C2}.MPIRDebug|x64.ActiveCfg = MPIRDebug|x64
		{4B5ECD50-5B05-477E-9609-E4C7DFFD85C2}.MPIRDebug|x64.Build.0 = MPIRDebug|x64
		{4B5ECD50-5B05-477E-9609-E4C7DFFD85C2}.MPIRRelease|Win32.ActiveCfg = MPIRRelease|Win32
		{4B5ECD50-5B05-477E-9609-E4C7DFFD85C2}.MPIRRelease|Win32.Build.0 = MPIRRelease|Win32
		{4B5ECD50-5B05-477E-9609-E4C7DFFD85C2}.MPIRRelease|x64.ActiveCfg = MPIRRelease|x64
		{4B5ECD50-5B05-477E-9609-E4C7DFFD85C2}.MPIRRelease|x64.Build.0 = MPIRRelease|x64
		{FF8FE213-C24F-422F-AE44-1FB92F73527A}.MPIRDebug|Win32.ActiveCfg = MPIRDebug|Win32
		{FF8FE213-C24F-422F-AE44-1FB92F73527A}.MPIRDebug|Win32.Build.0 = MPIRDebug|Win32
		{FF8FE213-C24F-422F-AE44-1FB92F73527A}.MPIRDebug|x64.ActiveCfg = MPIRDebug|x64
		{FF8FE213-C24F-422F-AE44-1FB92F73527A}.MPIRDebug|x64.Build.0 = MPIRDebug|x64
		{FF8FE213-C24F-422F-AE44-1FB92F73527A}.MPIRRelease|Win32.ActiveCfg = MPIRRelease|Win32
		{FF8FE213-C24F-422F-AE44-1FB92F73527A}.MPIRRelease|Win32.Build.0 = MPIRRelease|Win32
		{FF8FE213-C24F-422F-AE44-1FB92F73527A}.MPIRRelease|x64.ActiveCfg = MPIRRelease|x64
		{FF8FE213-C24F-422F-AE44-1FB92F73527A}.MPIRRelease|x64.Build.0 = MPIRRelease|x64
		{6B93735C-8A3A-4507-9503-7EB54E651EED}.MPIRDebug|Win32.ActiveCfg = MPIRDebug|Win32
		{6B93735C-8A3A-4507-9503-7EB54E651EED}.MPIRDebug|Win32.Build.0 = MPIRDebug|Win32
		{6B93735C-8A3A-4507-9503-7EB54E651EED}.MPIRDebug|x64.ActiveCfg = MPIRDebug|x64
		{6B93735C-8A3A-4507-9503-7EB54E651EED}.MPIRDebug|x64.Build.0 = MPIRDebug|x64
		{6B93735C-8A3A-4507-9503-7EB54E651EED}.MPIRRelease|Win32.ActiveCfg = MPIRRelease|Win32
		{6B93735C-8A3A-4507-9503-7EB54E651EED}.MPIRRelease|Win32.Build.0 = MPIRRelease|Win32
		{6B93735C-8A3A-4507-9503-7EB54E651EED}.MPIRRelease|x64.ActiveCfg = MPIRRelease|x64
		{6B93735C-8A3A-4507-9503-7EB54E651EED}.MPIRRelease|x64.Build.0 = MPIRRelease|x64
		{5C030C09-665B-4BDC-A092-C395E8BB3F31}.MPIRDebug|Win32.ActiveCfg = MPIRDebug|Win32
		{5C030C09-665B-4BDC-A092-C395E8BB3F31}.MPIRDebug|Win32.Build.0 = MPIRDebug|Win32
		{5C030C09-665B-4BDC-A092-C395E8BB3F31}.MPIRDebug|x64.ActiveCfg = MPIRDebug|x64
		{5C030C09-665B-4BDC-A092-C395E8BB3F31}.MPIRDebug|x64.Build.0 = MPIRDebug|x64
		{5C030C09-665B-4BDC-A092-C395E8BB3F31}.MPIRRelease|Win32.ActiveCfg = MPIRRelease|Win32
		{5C030C09-665B-4BDC-A092-C395E8BB3F31}.MPIRRelease|Win32.Build.0 = MPIRRelease|Win32
		{5C030C09-665B-4BDC-A092-C395E8BB3F31}.MPIRRelease|x64.ActiveCfg = MPIRRelease|x64
		{5C030C09-665B-4BDC-A092-C395E8BB3F31}.MPIRRelease|x64.Build.0 = MPIRRelease|x64
		{990EB17D-F3CA-4C05-872F-169D31907F20}.MPIRDebug|Win32.ActiveCfg = MPIRDebug|Win32
		{990EB17D-F3CA-4C05-872F-169D31907F20}.MPIRDebug|Win32.Build.0 = MPIRDebug|Win32
		{990EB17D-F3CA-4C05-872F-169D31907F20}.MPIRDebug|x64.ActiveCfg = MPIRDebug|x64
		{990EB17D-F3CA-4C05-872F-169D31907F20}.MPIRDebug|x64.Build.0 = MPIRDebug|x64
		{990EB17D-F3CA-4C05-872F-169D31907F20}.MPIRRelease|Win32.ActiveCfg = MPIRRelease|Win32
		{990EB17D-F3CA-4C05-872F-169D31907F20}.MPIRRelease|Win32.Build.0 = MPIRRelease|Win32
		{990EB17D-F3CA-4C05-872F-169D31907F20}.MPIRRelease|x64.ActiveCfg = MPIRRelease|x64
		{990EB17D-F3CA-4C05-872F-169D31907F20}.MPIRRelease|x64.Build.0 = MPIRRelease|x64
	EndGlobalSection
	GlobalSection(SolutionProperties) = preSolution
		HideSolutionNode = FALSE
	EndGlobalSection
EndGlobal
