<?xml version="1.0" encoding="utf-8"?>
<Project ToolsVersion="4.0" xmlns="http://schemas.microsoft.com/developer/msbuild/2003">
  <ItemGroup>
    <Filter Include="Source Files">
      <UniqueIdentifier>{4FC737F1-C7A5-4376-A066-2A32D752A2FF}</UniqueIdentifier>
      <Extensions>cpp;c;cc;cxx;def;odl;idl;hpj;bat;asm;asmx</Extensions>
    </Filter>
    <Filter Include="Header Files">
      <UniqueIdentifier>{93995380-89BD-4b04-88EB-625FBE52EBFB}</UniqueIdentifier>
      <Extensions>h;hpp;hxx;hm;inl;inc;xsd</Extensions>
    </Filter>
    <Filter Include="Resource Files">
      <UniqueIdentifier>{67DA6AB6-F800-4c08-8B7A-83BB121AAD01}</UniqueIdentifier>
      <Extensions>rc;ico;cur;bmp;dlg;rc2;rct;bin;rgs;gif;jpg;jpeg;jpe;resx;tiff;tif;png;wav;mfcribbon-ms</Extensions>
    </Filter>
  </ItemGroup>
  <ItemGroup>
    <ClInclude Include="big_integer.h">
      <Filter>Header Files</Filter>
    </ClInclude>
    <ClInclude Include="crypto_provider.h">
      <Filter>Header Files</Filter>
    </ClInclude>
    <ClInclude Include="crypto_provider.hpp">
      <Filter>Header Files</Filter>
    </ClInclude>
    <ClInclude Include="paillier.h">
      <Filter>Header Files</Filter>
    </ClInclude>
    <ClInclude Include="random_provider.h">
      <Filter>Header Files</Filter>
    </ClInclude>
    <ClInclude Include="data_packer.h">
      <Filter>Header Files</Filter>
    </ClInclude>
    <ClInclude Include="data_packer.hpp">
      <Filter>Header Files</Filter>
    </ClInclude>
    <ClInclude Include="big_integer_base.h">
      <Filter>Header Files</Filter>
    </ClInclude>
    <ClInclude Include="big_integer_base.hpp">
      <Filter>Header Files</Filter>
    </ClInclude>
    <ClInclude Include="big_integer_gmp.h">
      <Filter>Header Files</Filter>
    </ClInclude>
    <ClInclude Include="random_provider_base.h">
      <Filter>Header Files</Filter>
    </ClInclude>
    <ClInclude Include="random_provider_base.hpp">
      <Filter>Header Files</Filter>
    </ClInclude>
    <ClInclude Include="random_provider_gmp.h">
      <Filter>Header Files</Filter>
    </ClInclude>
    <ClInclude Include="secure_permutation.h">
      <Filter>Header Files</Filter>
    </ClInclude>
    <ClInclude Include="secure_permutation.hpp">
      <Filter>Header Files</Filter>
    </ClInclude>
    <ClInclude Include="randomizer_cache.h">
      <Filter>Header Files</Filter>
    </ClInclude>
    <ClInclude Include="randomizer_cache.hpp">
      <Filter>Header Files</Filter>
    </ClInclude>
    <ClInclude Include="blinding_factor_cache_parameters.h">
      <Filter>Header Files</Filter>
    </ClInclude>
    <ClInclude Include="randomizer_cache_parameters.h">
      <Filter>Header Files</Filter>
    </ClInclude>
    <ClInclude Include="randomizer_container.h">
      <Filter>Header Files</Filter>
    </ClInclude>
    <ClInclude Include="randomizer_container.hpp">
      <Filter>Header Files</Filter>
    </ClInclude>
    <ClInclude Include="dgk.h">
      <Filter>Header Files</Filter>
    </ClInclude>
    <ClInclude Include="el_gamal.h">
      <Filter>Header Files</Filter>
    </ClInclude>
    <ClInclude Include="okamoto_uchiyama.h">
      <Filter>Header Files</Filter>
    </ClInclude>
    <ClInclude Include="secure_multiplication_client.h">
      <Filter>Header Files</Filter>
    </ClInclude>
    <ClInclude Include="secure_multiplication_client.hpp">
      <Filter>Header Files</Filter>
    </ClInclude>
    <ClInclude Include="secure_multiplication_server.h">
      <Filter>Header Files</Filter>
    </ClInclude>
    <ClInclude Include="secure_multiplication_server.hpp">
      <Filter>Header Files</Filter>
    </ClInclude>
    <ClInclude Include="secure_multiplication_blinding_factor_container.h">
      <Filter>Header Files</Filter>
    </ClInclude>
    <ClInclude Include="secure_multiplication_blinding_factor_container.hpp">
      <Filter>Header Files</Filter>
    </ClInclude>
    <ClInclude Include="secure_extremum_selection_server.h">
      <Filter>Header Files</Filter>
    </ClInclude>
    <ClInclude Include="secure_extremum_selection_client.h">
      <Filter>Header Files</Filter>
    </ClInclude>
    <ClInclude Include="secure_extremum_selection_client.hpp">
      <Filter>Header Files</Filter>
    </ClInclude>
    <ClInclude Include="secure_extremum_selection_server.hpp">
      <Filter>Header Files</Filter>
    </ClInclude>
    <ClInclude Include="el_gamal_ciphertext.h">
      <Filter>Header Files</Filter>
    </ClInclude>
    <ClInclude Include="ciphertext_base.h">
      <Filter>Header Files</Filter>
    </ClInclude>
    <ClInclude Include="ciphertext_base.hpp">
      <Filter>Header Files</Filter>
    </ClInclude>
    <ClInclude Include="el_gamal_ciphertext.hpp">
      <Filter>Header Files</Filter>
    </ClInclude>
    <ClInclude Include="randomizer_base.h">
      <Filter>Header Files</Filter>
    </ClInclude>
  </ItemGroup>
  <ItemGroup>
    <ClCompile Include="paillier.cpp">
      <Filter>Source Files</Filter>
    </ClCompile>
    <ClCompile Include="big_integer_gmp.cpp">
      <Filter>Source Files</Filter>
    </ClCompile>
    <ClCompile Include="random_provider_gmp.cpp">
      <Filter>Source Files</Filter>
    </ClCompile>
    <ClCompile Include="secure_permutation.cpp">
      <Filter>Source Files</Filter>
    </ClCompile>
    <ClCompile Include="blinding_factor_cache_parameters.cpp">
      <Filter>Source Files</Filter>
    </ClCompile>
    <ClCompile Include="randomizer_cache_parameters.cpp">
      <Filter>Source Files</Filter>
    </ClCompile>
    <ClCompile Include="dgk.cpp">
      <Filter>Source Files</Filter>
    </ClCompile>
    <ClCompile Include="el_gamal.cpp">
      <Filter>Source Files</Filter>
    </ClCompile>
    <ClCompile Include="okamoto_uchiyama.cpp">
      <Filter>Source Files</Filter>
    </ClCompile>
    <ClCompile Include="el_gamal_ciphertext.cpp">
      <Filter>Source Files</Filter>
    </ClCompile>
    <ClCompile Include="randomizer_base.cpp">
      <Filter>Source Files</Filter>
    </ClCompile>
  </ItemGroup>
</Project>